
Microsoft Visual Studio Solution File, Format Version 12.00
# Visual Studio Version 17
VisualStudioVersion = 17.6.33723.286
MinimumVisualStudioVersion = 10.0.40219.1
Project("{9A19103F-16F7-4668-BE54-9A1E7A4F7556}") = "Phantonia.Historia.Language", "Phantonia.Historia.Language\Phantonia.Historia.Language.csproj", "{7B68855F-6A8A-478B-955F-114BD236D328}"
EndProject
Project("{9A19103F-16F7-4668-BE54-9A1E7A4F7556}") = "Phantonia.Historia.Tests", "Phantonia.Historia.Tests\Phantonia.Historia.Tests.csproj", "{A9208CB0-B3ED-4A33-84B2-C04ADB34C1CB}"
EndProject
Project("{9A19103F-16F7-4668-BE54-9A1E7A4F7556}") = "Phantonia.Historia", "Phantonia.Historia\Phantonia.Historia.csproj", "{65088C1F-88F3-4CDF-8180-9F1178B3F403}"
EndProject
Project("{2150E333-8FDC-42A3-9474-1A3956D46DE8}") = "Solution Items", "Solution Items", "{05DCECA1-F8DD-4856-A800-B42CB6FC199B}"
	ProjectSection(SolutionItems) = preProject
		.editorconfig = .editorconfig
	EndProjectSection
EndProject
Project("{FAE04EC0-301F-11D3-BF4B-00C04F79EFBC}") = "Phantonia.Historia.Language.Refactorings", "Phantonia.Historia.Language.Refactorings\Phantonia.Historia.Language.Refactorings.csproj", "{E6D8F033-03E0-4545-B4CC-8E76BDC2C4AA}"
EndProject
Global
	GlobalSection(SolutionConfigurationPlatforms) = preSolution
		Debug|Any CPU = Debug|Any CPU
		Release|Any CPU = Release|Any CPU
	EndGlobalSection
	GlobalSection(ProjectConfigurationPlatforms) = postSolution
		{7B68855F-6A8A-478B-955F-114BD236D328}.Debug|Any CPU.ActiveCfg = Debug|Any CPU
		{7B68855F-6A8A-478B-955F-114BD236D328}.Debug|Any CPU.Build.0 = Debug|Any CPU
		{7B68855F-6A8A-478B-955F-114BD236D328}.Release|Any CPU.ActiveCfg = Release|Any CPU
		{7B68855F-6A8A-478B-955F-114BD236D328}.Release|Any CPU.Build.0 = Release|Any CPU
		{A9208CB0-B3ED-4A33-84B2-C04ADB34C1CB}.Debug|Any CPU.ActiveCfg = Debug|Any CPU
		{A9208CB0-B3ED-4A33-84B2-C04ADB34C1CB}.Debug|Any CPU.Build.0 = Debug|Any CPU
		{A9208CB0-B3ED-4A33-84B2-C04ADB34C1CB}.Release|Any CPU.ActiveCfg = Release|Any CPU
		{A9208CB0-B3ED-4A33-84B2-C04ADB34C1CB}.Release|Any CPU.Build.0 = Release|Any CPU
		{65088C1F-88F3-4CDF-8180-9F1178B3F403}.Debug|Any CPU.ActiveCfg = Debug|Any CPU
		{65088C1F-88F3-4CDF-8180-9F1178B3F403}.Debug|Any CPU.Build.0 = Debug|Any CPU
		{65088C1F-88F3-4CDF-8180-9F1178B3F403}.Release|Any CPU.ActiveCfg = Release|Any CPU
		{65088C1F-88F3-4CDF-8180-9F1178B3F403}.Release|Any CPU.Build.0 = Release|Any CPU
		{E6D8F033-03E0-4545-B4CC-8E76BDC2C4AA}.Debug|Any CPU.ActiveCfg = Debug|Any CPU
		{E6D8F033-03E0-4545-B4CC-8E76BDC2C4AA}.Debug|Any CPU.Build.0 = Debug|Any CPU
		{E6D8F033-03E0-4545-B4CC-8E76BDC2C4AA}.Release|Any CPU.ActiveCfg = Release|Any CPU
		{E6D8F033-03E0-4545-B4CC-8E76BDC2C4AA}.Release|Any CPU.Build.0 = Release|Any CPU
	EndGlobalSection
	GlobalSection(SolutionProperties) = preSolution
		HideSolutionNode = FALSE
	EndGlobalSection
	GlobalSection(ExtensibilityGlobals) = postSolution
		SolutionGuid = {6FD39995-039E-4AFF-A40D-F2C4AD1DE949}
	EndGlobalSection
EndGlobal
